
Microsoft Visual Studio Solution File, Format Version 12.00
# Visual Studio 15
VisualStudioVersion = 15.0.26430.12
MinimumVisualStudioVersion = 10.0.40219.1
Project("{FAE04EC0-301F-11D3-BF4B-00C04F79EFBC}") = "To tylko kod - Rozdział 1", "To tylko kod - Rozdział 1\To tylko kod - Rozdział 1.csproj", "{33A8789F-4CB7-4A74-BDEF-BBA2F3BF4058}"
EndProject
Project("{FAE04EC0-301F-11D3-BF4B-00C04F79EFBC}") = "Chapter 5 Encapsulation", "Chapter 5 Encapsulation\Chapter 5 Encapsulation.csproj", "{52C8FB39-87CB-409F-8C5F-1E65781E0EA4}"
EndProject
Project("{FAE04EC0-301F-11D3-BF4B-00C04F79EFBC}") = "FarmClass", "FarmClass\FarmClass.csproj", "{8CC161D4-245E-4EE8-8FE2-1B25587C9BAC}"
EndProject
Project("{FAE04EC0-301F-11D3-BF4B-00C04F79EFBC}") = "Inheritance", "Inheritance\Inheritance.csproj", "{CE3308B8-6D2B-42EB-961B-446E25D1B368}"
EndProject
Project("{FAE04EC0-301F-11D3-BF4B-00C04F79EFBC}") = "Chapter 6 Practice", "Chapter 6 Practice\Chapter 6 Practice.csproj", "{84FBBF25-D521-4F9F-871F-4EA507612C73}"
EndProject
Project("{FAE04EC0-301F-11D3-BF4B-00C04F79EFBC}") = "Chapter 6 Parctice 2", "Chapter 6 Parctice 2\Chapter 6 Parctice 2.csproj", "{9D013477-E431-44D6-9159-DB3ED9E5360E}"
EndProject
Project("{FAE04EC0-301F-11D3-BF4B-00C04F79EFBC}") = "Chapter 6 Practice 3", "Chapter 6 Practice 3\Chapter 6 Practice 3.csproj", "{022EBBE6-D7E0-4EEF-A80B-0BDA2C109F75}"
EndProject
Project("{FAE04EC0-301F-11D3-BF4B-00C04F79EFBC}") = "Chapter 6 Practice 4", "Chapter 6 Practice 4\Chapter 6 Practice 4.csproj", "{96B2DF3D-C255-4B87-813E-C8CE19B67921}"
EndProject
Global
	GlobalSection(SolutionConfigurationPlatforms) = preSolution
		Debug|Any CPU = Debug|Any CPU
		Release|Any CPU = Release|Any CPU
	EndGlobalSection
	GlobalSection(ProjectConfigurationPlatforms) = postSolution
		{33A8789F-4CB7-4A74-BDEF-BBA2F3BF4058}.Debug|Any CPU.ActiveCfg = Debug|Any CPU
		{33A8789F-4CB7-4A74-BDEF-BBA2F3BF4058}.Debug|Any CPU.Build.0 = Debug|Any CPU
		{33A8789F-4CB7-4A74-BDEF-BBA2F3BF4058}.Release|Any CPU.ActiveCfg = Release|Any CPU
		{33A8789F-4CB7-4A74-BDEF-BBA2F3BF4058}.Release|Any CPU.Build.0 = Release|Any CPU
		{52C8FB39-87CB-409F-8C5F-1E65781E0EA4}.Debug|Any CPU.ActiveCfg = Debug|Any CPU
		{52C8FB39-87CB-409F-8C5F-1E65781E0EA4}.Debug|Any CPU.Build.0 = Debug|Any CPU
		{52C8FB39-87CB-409F-8C5F-1E65781E0EA4}.Release|Any CPU.ActiveCfg = Release|Any CPU
		{52C8FB39-87CB-409F-8C5F-1E65781E0EA4}.Release|Any CPU.Build.0 = Release|Any CPU
		{8CC161D4-245E-4EE8-8FE2-1B25587C9BAC}.Debug|Any CPU.ActiveCfg = Debug|Any CPU
		{8CC161D4-245E-4EE8-8FE2-1B25587C9BAC}.Debug|Any CPU.Build.0 = Debug|Any CPU
		{8CC161D4-245E-4EE8-8FE2-1B25587C9BAC}.Release|Any CPU.ActiveCfg = Release|Any CPU
		{8CC161D4-245E-4EE8-8FE2-1B25587C9BAC}.Release|Any CPU.Build.0 = Release|Any CPU
		{CE3308B8-6D2B-42EB-961B-446E25D1B368}.Debug|Any CPU.ActiveCfg = Debug|Any CPU
		{CE3308B8-6D2B-42EB-961B-446E25D1B368}.Debug|Any CPU.Build.0 = Debug|Any CPU
		{CE3308B8-6D2B-42EB-961B-446E25D1B368}.Release|Any CPU.ActiveCfg = Release|Any CPU
		{CE3308B8-6D2B-42EB-961B-446E25D1B368}.Release|Any CPU.Build.0 = Release|Any CPU
		{84FBBF25-D521-4F9F-871F-4EA507612C73}.Debug|Any CPU.ActiveCfg = Debug|Any CPU
		{84FBBF25-D521-4F9F-871F-4EA507612C73}.Debug|Any CPU.Build.0 = Debug|Any CPU
		{84FBBF25-D521-4F9F-871F-4EA507612C73}.Release|Any CPU.ActiveCfg = Release|Any CPU
		{84FBBF25-D521-4F9F-871F-4EA507612C73}.Release|Any CPU.Build.0 = Release|Any CPU
		{9D013477-E431-44D6-9159-DB3ED9E5360E}.Debug|Any CPU.ActiveCfg = Debug|Any CPU
		{9D013477-E431-44D6-9159-DB3ED9E5360E}.Debug|Any CPU.Build.0 = Debug|Any CPU
		{9D013477-E431-44D6-9159-DB3ED9E5360E}.Release|Any CPU.ActiveCfg = Release|Any CPU
		{9D013477-E431-44D6-9159-DB3ED9E5360E}.Release|Any CPU.Build.0 = Release|Any CPU
		{022EBBE6-D7E0-4EEF-A80B-0BDA2C109F75}.Debug|Any CPU.ActiveCfg = Debug|Any CPU
		{022EBBE6-D7E0-4EEF-A80B-0BDA2C109F75}.Debug|Any CPU.Build.0 = Debug|Any CPU
		{022EBBE6-D7E0-4EEF-A80B-0BDA2C109F75}.Release|Any CPU.ActiveCfg = Release|Any CPU
		{022EBBE6-D7E0-4EEF-A80B-0BDA2C109F75}.Release|Any CPU.Build.0 = Release|Any CPU
		{96B2DF3D-C255-4B87-813E-C8CE19B67921}.Debug|Any CPU.ActiveCfg = Debug|Any CPU
		{96B2DF3D-C255-4B87-813E-C8CE19B67921}.Debug|Any CPU.Build.0 = Debug|Any CPU
		{96B2DF3D-C255-4B87-813E-C8CE19B67921}.Release|Any CPU.ActiveCfg = Release|Any CPU
		{96B2DF3D-C255-4B87-813E-C8CE19B67921}.Release|Any CPU.Build.0 = Release|Any CPU
	EndGlobalSection
	GlobalSection(SolutionProperties) = preSolution
		HideSolutionNode = FALSE
	EndGlobalSection
	GlobalSection(ExtensibilityGlobals) = postSolution
		SolutionGuid = {A573061D-B638-40EA-AF8D-1B94177C4425}
	EndGlobalSection
EndGlobal
